
Microsoft Visual Studio Solution File, Format Version 12.00
Project("{FAE04EC0-301F-11D3-BF4B-00C04F79EFBC}") = "API", "API\API.csproj", "{DC23CAF3-9888-45EA-B39A-F5BB761FF3E6}"
EndProject
Project("{FAE04EC0-301F-11D3-BF4B-00C04F79EFBC}") = "Data", "Data\Data.csproj", "{77CD4E50-7998-4783-8878-8289887FF32D}"
EndProject
Global
	GlobalSection(SolutionConfigurationPlatforms) = preSolution
		Debug|Any CPU = Debug|Any CPU
		Release|Any CPU = Release|Any CPU
	EndGlobalSection
	GlobalSection(ProjectConfigurationPlatforms) = postSolution
		{DC23CAF3-9888-45EA-B39A-F5BB761FF3E6}.Debug|Any CPU.ActiveCfg = Debug|Any CPU
		{DC23CAF3-9888-45EA-B39A-F5BB761FF3E6}.Debug|Any CPU.Build.0 = Debug|Any CPU
		{DC23CAF3-9888-45EA-B39A-F5BB761FF3E6}.Release|Any CPU.ActiveCfg = Release|Any CPU
		{DC23CAF3-9888-45EA-B39A-F5BB761FF3E6}.Release|Any CPU.Build.0 = Release|Any CPU
		{77CD4E50-7998-4783-8878-8289887FF32D}.Debug|Any CPU.ActiveCfg = Debug|Any CPU
		{77CD4E50-7998-4783-8878-8289887FF32D}.Debug|Any CPU.Build.0 = Debug|Any CPU
		{77CD4E50-7998-4783-8878-8289887FF32D}.Release|Any CPU.ActiveCfg = Release|Any CPU
		{77CD4E50-7998-4783-8878-8289887FF32D}.Release|Any CPU.Build.0 = Release|Any CPU
	EndGlobalSection
EndGlobal
